// !$*UTF8*$!
{
	archiveVersion = 1;
	classes = {
	};
	objectVersion = 55;
	objects = {

/* Begin PBXBuildFile section */
		08875E1AB8E55DE2DC319B50 /* Pods_Scanner.framework in Frameworks */ = {isa = PBXBuildFile; fileRef = E64FAFC148E2653F24F4B56A /* Pods_Scanner.framework */; };
		8545C1E2F3899160A4ACD181 /* Pods_ScannerTV.framework in Frameworks */ = {isa = PBXBuildFile; fileRef = E4126EF435D5649C86E63EB0 /* Pods_ScannerTV.framework */; };
		E202F443278E84A7009C0B13 /* ScannerApp.swift in Sources */ = {isa = PBXBuildFile; fileRef = E202F442278E84A7009C0B13 /* ScannerApp.swift */; };
		E202F445278E84A7009C0B13 /* ListView.swift in Sources */ = {isa = PBXBuildFile; fileRef = E202F444278E84A7009C0B13 /* ListView.swift */; };
		E202F447278E84A8009C0B13 /* Assets.xcassets in Resources */ = {isa = PBXBuildFile; fileRef = E202F446278E84A8009C0B13 /* Assets.xcassets */; };
		E202F44A278E84A8009C0B13 /* Preview Assets.xcassets in Resources */ = {isa = PBXBuildFile; fileRef = E202F449278E84A8009C0B13 /* Preview Assets.xcassets */; };
		E202F45127907868009C0B13 /* ScannerModel.swift in Sources */ = {isa = PBXBuildFile; fileRef = E202F45027907868009C0B13 /* ScannerModel.swift */; };
		E202F4532790C46F009C0B13 /* MainViewModel.swift in Sources */ = {isa = PBXBuildFile; fileRef = E202F4522790C46F009C0B13 /* MainViewModel.swift */; };
		E24522BE279134F200EFBB3E /* DetailView.swift in Sources */ = {isa = PBXBuildFile; fileRef = E24522BD279134F200EFBB3E /* DetailView.swift */; };
		E24522D22791F69400EFBB3E /* LocationManager.swift in Sources */ = {isa = PBXBuildFile; fileRef = E24522D12791F69400EFBB3E /* LocationManager.swift */; };
		E24CED46294231D300EB960C /* TextFieldLimitModifier.swift in Sources */ = {isa = PBXBuildFile; fileRef = E24CED45294231D300EB960C /* TextFieldLimitModifier.swift */; };
		E24CED4C29463AB200EB960C /* RecentCommentsView.swift in Sources */ = {isa = PBXBuildFile; fileRef = E24CED4B29463AB200EB960C /* RecentCommentsView.swift */; };
		E2587F242798D3EC008D80CA /* MapViewModel.swift in Sources */ = {isa = PBXBuildFile; fileRef = E2587F232798D3EC008D80CA /* MapViewModel.swift */; };
		E25EDCDC29398D5800F017E8 /* BannerAd.swift in Sources */ = {isa = PBXBuildFile; fileRef = E25EDCDB29398D5800F017E8 /* BannerAd.swift */; };
		E264494E2794B56700685DAB /* NetworkManager.swift in Sources */ = {isa = PBXBuildFile; fileRef = E264494D2794B56700685DAB /* NetworkManager.swift */; };
		E26449502796487200685DAB /* ActivityRowView.swift in Sources */ = {isa = PBXBuildFile; fileRef = E264494F2796487200685DAB /* ActivityRowView.swift */; };
		E264495727986B0700685DAB /* Constants.swift in Sources */ = {isa = PBXBuildFile; fileRef = E264495627986B0700685DAB /* Constants.swift */; };
		E26449602798D38E00685DAB /* MapView.swift in Sources */ = {isa = PBXBuildFile; fileRef = E264495F2798D38E00685DAB /* MapView.swift */; };
		E291766A2941A03000D14526 /* CommentView.swift in Sources */ = {isa = PBXBuildFile; fileRef = E29176692941A03000D14526 /* CommentView.swift */; };
		E2C16903293BE34B00642670 /* CommentsView.swift in Sources */ = {isa = PBXBuildFile; fileRef = E2C16902293BE34B00642670 /* CommentsView.swift */; };
		E2C16907293C343800642670 /* CommentsViewModel.swift in Sources */ = {isa = PBXBuildFile; fileRef = E2C16906293C343800642670 /* CommentsViewModel.swift */; };
		E2E36C67293FB1F300A4A32C /* LoginView.swift in Sources */ = {isa = PBXBuildFile; fileRef = E2E36C66293FB1F300A4A32C /* LoginView.swift */; };
		EB0C3B0929442E590098C234 /* ProfileView.swift in Sources */ = {isa = PBXBuildFile; fileRef = EB0C3B0829442E590098C234 /* ProfileView.swift */; };
		EB0C3B0B29443B4B0098C234 /* HistoryView.swift in Sources */ = {isa = PBXBuildFile; fileRef = EB0C3B0A29443B4B0098C234 /* HistoryView.swift */; };
		EB136E13292DC53E00CA905D /* NotificationView.swift in Sources */ = {isa = PBXBuildFile; fileRef = EB136E12292DC53E00CA905D /* NotificationView.swift */; };
		EB15896929242A720009F60D /* WatchListView.swift in Sources */ = {isa = PBXBuildFile; fileRef = EB62D7E828E79ADD005A76E7 /* WatchListView.swift */; };
		EB15896A29242A720009F60D /* WatchRowView.swift in Sources */ = {isa = PBXBuildFile; fileRef = EB62D7EE28E79D9B005A76E7 /* WatchRowView.swift */; };
		EB15896B29242A720009F60D /* WatchMainView.swift in Sources */ = {isa = PBXBuildFile; fileRef = EB57DA1528E78D0C0031B68A /* WatchMainView.swift */; };
		EB15896C29242A720009F60D /* WatchStatusView.swift in Sources */ = {isa = PBXBuildFile; fileRef = EB397D2F28F8E8DE00E7178F /* WatchStatusView.swift */; };
		EB15896E29242A720009F60D /* WatchDetailView.swift in Sources */ = {isa = PBXBuildFile; fileRef = EB62D7EC28E79D47005A76E7 /* WatchDetailView.swift */; };
		EB15897229242AA20009F60D /* WatchScannerApp.swift in Sources */ = {isa = PBXBuildFile; fileRef = EB15897129242AA20009F60D /* WatchScannerApp.swift */; };
		EB15897429242AB60009F60D /* Assets.xcassets in Resources */ = {isa = PBXBuildFile; fileRef = EB15897329242AB60009F60D /* Assets.xcassets */; };
		EB15897629242B110009F60D /* Preview Assets.xcassets in Resources */ = {isa = PBXBuildFile; fileRef = EB15897529242B110009F60D /* Preview Assets.xcassets */; };
		EB15897B29242B370009F60D /* WatchViewModel.swift in Sources */ = {isa = PBXBuildFile; fileRef = EB15897929242B370009F60D /* WatchViewModel.swift */; };
		EB15897C29242B370009F60D /* NetworkManager.swift in Sources */ = {isa = PBXBuildFile; fileRef = EB15897A29242B370009F60D /* NetworkManager.swift */; };
		EB15897E29242B490009F60D /* DetailViewModel.swift in Sources */ = {isa = PBXBuildFile; fileRef = EB346CB828FA407200693F59 /* DetailViewModel.swift */; };
		EB15897F29242B4C0009F60D /* MapViewModel.swift in Sources */ = {isa = PBXBuildFile; fileRef = E2587F232798D3EC008D80CA /* MapViewModel.swift */; };
		EB15898029242B4E0009F60D /* Constants.swift in Sources */ = {isa = PBXBuildFile; fileRef = E264495627986B0700685DAB /* Constants.swift */; };
		EB15898129242B4F0009F60D /* LocationManager.swift in Sources */ = {isa = PBXBuildFile; fileRef = E24522D12791F69400EFBB3E /* LocationManager.swift */; };
		EB15898229242B5B0009F60D /* WatchMapView.swift in Sources */ = {isa = PBXBuildFile; fileRef = EB62D7F228E7A80D005A76E7 /* WatchMapView.swift */; };
		EB15898329242B5E0009F60D /* WatchMapAnnotationView.swift in Sources */ = {isa = PBXBuildFile; fileRef = EB62D7F028E7A7D7005A76E7 /* WatchMapAnnotationView.swift */; };
		EB158993292538D20009F60D /* WatchOnboardingView.swift in Sources */ = {isa = PBXBuildFile; fileRef = EB158992292538D20009F60D /* WatchOnboardingView.swift */; };
		EB15899B292544080009F60D /* ScannerTVApp.swift in Sources */ = {isa = PBXBuildFile; fileRef = EB15899A292544080009F60D /* ScannerTVApp.swift */; };
		EB1589A2292544080009F60D /* Preview Assets.xcassets in Resources */ = {isa = PBXBuildFile; fileRef = EB1589A1292544080009F60D /* Preview Assets.xcassets */; };
		EB1589A82925446E0009F60D /* TVActivityDetailView.swift in Sources */ = {isa = PBXBuildFile; fileRef = EB1589A62925446E0009F60D /* TVActivityDetailView.swift */; };
		EB1589A92925446E0009F60D /* TVRowView.swift in Sources */ = {isa = PBXBuildFile; fileRef = EB1589A72925446E0009F60D /* TVRowView.swift */; };
		EB1589B1292544790009F60D /* TVMapAnnotationView.swift in Sources */ = {isa = PBXBuildFile; fileRef = EB1589AA292544790009F60D /* TVMapAnnotationView.swift */; };
		EB1589B2292544790009F60D /* TVNavBarView.swift in Sources */ = {isa = PBXBuildFile; fileRef = EB1589AB292544790009F60D /* TVNavBarView.swift */; };
		EB1589B3292544790009F60D /* TVMainView.swift in Sources */ = {isa = PBXBuildFile; fileRef = EB1589AC292544790009F60D /* TVMainView.swift */; };
		EB1589B4292544790009F60D /* TVMapView.swift in Sources */ = {isa = PBXBuildFile; fileRef = EB1589AD292544790009F60D /* TVMapView.swift */; };
		EB1589B5292544790009F60D /* TVView.swift in Sources */ = {isa = PBXBuildFile; fileRef = EB1589AE292544790009F60D /* TVView.swift */; };
		EB1589B6292544790009F60D /* TVStatusView.swift in Sources */ = {isa = PBXBuildFile; fileRef = EB1589AF292544790009F60D /* TVStatusView.swift */; };
		EB1589B7292544790009F60D /* TVOnboardingView.swift in Sources */ = {isa = PBXBuildFile; fileRef = EB1589B0292544790009F60D /* TVOnboardingView.swift */; };
		EB1589BA292544CA0009F60D /* MapViewModel.swift in Sources */ = {isa = PBXBuildFile; fileRef = E2587F232798D3EC008D80CA /* MapViewModel.swift */; };
		EB1589BB292544D50009F60D /* Constants.swift in Sources */ = {isa = PBXBuildFile; fileRef = E264495627986B0700685DAB /* Constants.swift */; };
		EB1589BC292544E40009F60D /* ScannerModel.swift in Sources */ = {isa = PBXBuildFile; fileRef = E202F45027907868009C0B13 /* ScannerModel.swift */; };
		EB1589BF292544F60009F60D /* NetworkManager.swift in Sources */ = {isa = PBXBuildFile; fileRef = EB1589BE292544F60009F60D /* NetworkManager.swift */; };
		EB1589C0292545190009F60D /* MainViewModel.swift in Sources */ = {isa = PBXBuildFile; fileRef = E202F4522790C46F009C0B13 /* MainViewModel.swift */; };
		EB1589C1292545290009F60D /* DetailViewModel.swift in Sources */ = {isa = PBXBuildFile; fileRef = EB346CB828FA407200693F59 /* DetailViewModel.swift */; };
		EB1589C32925482C0009F60D /* GoogleService-Info.plist in Resources */ = {isa = PBXBuildFile; fileRef = EBA6ECD8292017EC00805610 /* GoogleService-Info.plist */; };
		EB1CC35C28E5158F009B593F /* MainView.swift in Sources */ = {isa = PBXBuildFile; fileRef = EB1CC35B28E5158F009B593F /* MainView.swift */; };
		EB1CC35E28E521D7009B593F /* ExpandedDetailView.swift in Sources */ = {isa = PBXBuildFile; fileRef = EB1CC35D28E521D7009B593F /* ExpandedDetailView.swift */; };
		EB346CB928FA407200693F59 /* DetailViewModel.swift in Sources */ = {isa = PBXBuildFile; fileRef = EB346CB828FA407200693F59 /* DetailViewModel.swift */; };
		EB397D2C28F8AC2900E7178F /* StatusView.swift in Sources */ = {isa = PBXBuildFile; fileRef = EB397D2B28F8AC2900E7178F /* StatusView.swift */; };
		EB3A359328F5FEDE009625D0 /* NotificationSettingsView.swift in Sources */ = {isa = PBXBuildFile; fileRef = EB3A359228F5FEDE009625D0 /* NotificationSettingsView.swift */; };
		EB3A359528F6127F009625D0 /* ExpandedNavBarView.swift in Sources */ = {isa = PBXBuildFile; fileRef = EB3A359428F6127F009625D0 /* ExpandedNavBarView.swift */; };
		EB4EA5BD293FDE8000A39512 /* RegisterView.swift in Sources */ = {isa = PBXBuildFile; fileRef = EB4EA5BC293FDE8000A39512 /* RegisterView.swift */; };
		EB57406828E6166E009FDA3D /* StandardNavBarView.swift in Sources */ = {isa = PBXBuildFile; fileRef = EB57406728E6166E009FDA3D /* StandardNavBarView.swift */; };
		EB57406A28E617A0009FDA3D /* ActivityView.swift in Sources */ = {isa = PBXBuildFile; fileRef = EB57406928E617A0009FDA3D /* ActivityView.swift */; };
		EB57DA0C28E61BC40031B68A /* MapAnnotationView.swift in Sources */ = {isa = PBXBuildFile; fileRef = EB57DA0B28E61BC40031B68A /* MapAnnotationView.swift */; };
		EB64E79028F6209500721DD0 /* ExpandedFilterSettingsView.swift in Sources */ = {isa = PBXBuildFile; fileRef = EB64E78F28F6209500721DD0 /* ExpandedFilterSettingsView.swift */; };
		EB64E79428F649ED00721DD0 /* OnboardingView.swift in Sources */ = {isa = PBXBuildFile; fileRef = EB64E79328F649ED00721DD0 /* OnboardingView.swift */; };
		EB64E79628F657F100721DD0 /* LocationDisclaimerView.swift in Sources */ = {isa = PBXBuildFile; fileRef = EB64E79528F657F100721DD0 /* LocationDisclaimerView.swift */; };
		EB7E41F628F72FDC0007347E /* LaunchScreen.storyboard in Resources */ = {isa = PBXBuildFile; fileRef = EB7E41F528F72FDC0007347E /* LaunchScreen.storyboard */; };
		EBA6ECD9292017EC00805610 /* GoogleService-Info.plist in Resources */ = {isa = PBXBuildFile; fileRef = EBA6ECD8292017EC00805610 /* GoogleService-Info.plist */; };
		EBBBCE2F292AE5500015E4C1 /* BookmarkView.swift in Sources */ = {isa = PBXBuildFile; fileRef = EBBBCE2E292AE5500015E4C1 /* BookmarkView.swift */; };
		EBBBCE31292AED720015E4C1 /* RefreshReminderView.swift in Sources */ = {isa = PBXBuildFile; fileRef = EBBBCE30292AED720015E4C1 /* RefreshReminderView.swift */; };
		EBBBCE33292B0B5D0015E4C1 /* SubscriptionManager.swift in Sources */ = {isa = PBXBuildFile; fileRef = EBBBCE32292B0B5D0015E4C1 /* SubscriptionManager.swift */; };
		EBC53FB028FC96B80063F87A /* DetailMapView.swift in Sources */ = {isa = PBXBuildFile; fileRef = EBC53FAF28FC96B80063F87A /* DetailMapView.swift */; };
		EBC7DB2A2948AEE10059BEC5 /* UniversalBackButton.swift in Sources */ = {isa = PBXBuildFile; fileRef = EBC7DB292948AEE10059BEC5 /* UniversalBackButton.swift */; };
		EBC7DB2C2948BB110059BEC5 /* PurchaseView.swift in Sources */ = {isa = PBXBuildFile; fileRef = EBC7DB2B2948BB110059BEC5 /* PurchaseView.swift */; };
		EBC7DB2E2948BD660059BEC5 /* StoreKit.framework in Frameworks */ = {isa = PBXBuildFile; fileRef = EBC7DB2D2948BD660059BEC5 /* StoreKit.framework */; };
		EBC7DB302948BD7D0059BEC5 /* StoreManager.swift in Sources */ = {isa = PBXBuildFile; fileRef = EBC7DB2F2948BD7D0059BEC5 /* StoreManager.swift */; };
		EBC7DB342948D0BA0059BEC5 /* Snow.sks in Resources */ = {isa = PBXBuildFile; fileRef = EBC7DB332948D0BA0059BEC5 /* Snow.sks */; };
		EBC7DB3E2948EB650059BEC5 /* WatchScannerModel.swift in Sources */ = {isa = PBXBuildFile; fileRef = EBC7DB3D2948EB650059BEC5 /* WatchScannerModel.swift */; };
		EBC7DB412948F0160059BEC5 /* FirebaseAnalytics in Frameworks */ = {isa = PBXBuildFile; productRef = EBC7DB402948F0160059BEC5 /* FirebaseAnalytics */; };
		EBC7DB432948F0160059BEC5 /* FirebaseAuth in Frameworks */ = {isa = PBXBuildFile; productRef = EBC7DB422948F0160059BEC5 /* FirebaseAuth */; };
		EBC7DB452948F0160059BEC5 /* FirebaseFirestore in Frameworks */ = {isa = PBXBuildFile; productRef = EBC7DB442948F0160059BEC5 /* FirebaseFirestore */; };
		EBC7DB472948F0160059BEC5 /* FirebaseMessaging in Frameworks */ = {isa = PBXBuildFile; productRef = EBC7DB462948F0160059BEC5 /* FirebaseMessaging */; };
		EBC7DB4B2948F1000059BEC5 /* GoogleMobileAds in Frameworks */ = {isa = PBXBuildFile; productRef = EBC7DB4A2948F1000059BEC5 /* GoogleMobileAds */; };
		EBD612A5292D031F00FE9037 /* LocationDisclaimerView.swift in Sources */ = {isa = PBXBuildFile; fileRef = EB64E79528F657F100721DD0 /* LocationDisclaimerView.swift */; };
		EBE043FF28F5F23B003C4A37 /* SettingsView.swift in Sources */ = {isa = PBXBuildFile; fileRef = EBE043FE28F5F23B003C4A37 /* SettingsView.swift */; };
		EBE0440128F5F255003C4A37 /* NaturesListView.swift in Sources */ = {isa = PBXBuildFile; fileRef = EBE0440028F5F255003C4A37 /* NaturesListView.swift */; };
		EBFB9ED2292EA7F2002BD3AA /* Assets.xcassets in Resources */ = {isa = PBXBuildFile; fileRef = EB15899E292544080009F60D /* Assets.xcassets */; };
/* End PBXBuildFile section */

/* Begin PBXCopyFilesBuildPhase section */
		EB98F87D28E8C3B8009AC6B1 /* Embed Foundation Extensions */ = {
			isa = PBXCopyFilesBuildPhase;
			buildActionMask = 2147483647;
			dstPath = "";
			dstSubfolderSpec = 13;
			files = (
			);
			name = "Embed Foundation Extensions";
			runOnlyForDeploymentPostprocessing = 0;
		};
/* End PBXCopyFilesBuildPhase section */

/* Begin PBXFileReference section */
		4E5CE789011E150D5C9022ED /* Pods-Scanner.release.xcconfig */ = {isa = PBXFileReference; includeInIndex = 1; lastKnownFileType = text.xcconfig; name = "Pods-Scanner.release.xcconfig"; path = "Target Support Files/Pods-Scanner/Pods-Scanner.release.xcconfig"; sourceTree = "<group>"; };
		673132D6587E7C28732BD43D /* Pods_scannerWidgetsExtension.framework */ = {isa = PBXFileReference; explicitFileType = wrapper.framework; includeInIndex = 0; path = Pods_scannerWidgetsExtension.framework; sourceTree = BUILT_PRODUCTS_DIR; };
		904831919DBEDA0C7E646D0E /* Pods-ScannerTV.release.xcconfig */ = {isa = PBXFileReference; includeInIndex = 1; lastKnownFileType = text.xcconfig; name = "Pods-ScannerTV.release.xcconfig"; path = "Target Support Files/Pods-ScannerTV/Pods-ScannerTV.release.xcconfig"; sourceTree = "<group>"; };
		99DF38480950BA6ACF97A37D /* Pods-Scanner.debug.xcconfig */ = {isa = PBXFileReference; includeInIndex = 1; lastKnownFileType = text.xcconfig; name = "Pods-Scanner.debug.xcconfig"; path = "Target Support Files/Pods-Scanner/Pods-Scanner.debug.xcconfig"; sourceTree = "<group>"; };
		B97BC00A5C8A6487333453D4 /* Pods-ScannerTV.debug.xcconfig */ = {isa = PBXFileReference; includeInIndex = 1; lastKnownFileType = text.xcconfig; name = "Pods-ScannerTV.debug.xcconfig"; path = "Target Support Files/Pods-ScannerTV/Pods-ScannerTV.debug.xcconfig"; sourceTree = "<group>"; };
		E202F43F278E84A7009C0B13 /* Scanner.app */ = {isa = PBXFileReference; explicitFileType = wrapper.application; includeInIndex = 0; path = Scanner.app; sourceTree = BUILT_PRODUCTS_DIR; };
		E202F442278E84A7009C0B13 /* ScannerApp.swift */ = {isa = PBXFileReference; lastKnownFileType = sourcecode.swift; path = ScannerApp.swift; sourceTree = "<group>"; };
		E202F444278E84A7009C0B13 /* ListView.swift */ = {isa = PBXFileReference; lastKnownFileType = sourcecode.swift; path = ListView.swift; sourceTree = "<group>"; };
		E202F446278E84A8009C0B13 /* Assets.xcassets */ = {isa = PBXFileReference; lastKnownFileType = folder.assetcatalog; path = Assets.xcassets; sourceTree = "<group>"; };
		E202F449278E84A8009C0B13 /* Preview Assets.xcassets */ = {isa = PBXFileReference; lastKnownFileType = folder.assetcatalog; path = "Preview Assets.xcassets"; sourceTree = "<group>"; };
		E202F45027907868009C0B13 /* ScannerModel.swift */ = {isa = PBXFileReference; lastKnownFileType = sourcecode.swift; path = ScannerModel.swift; sourceTree = "<group>"; };
		E202F4522790C46F009C0B13 /* MainViewModel.swift */ = {isa = PBXFileReference; lastKnownFileType = sourcecode.swift; path = MainViewModel.swift; sourceTree = "<group>"; };
		E24522BD279134F200EFBB3E /* DetailView.swift */ = {isa = PBXFileReference; lastKnownFileType = sourcecode.swift; path = DetailView.swift; sourceTree = "<group>"; };
		E24522D12791F69400EFBB3E /* LocationManager.swift */ = {isa = PBXFileReference; lastKnownFileType = sourcecode.swift; path = LocationManager.swift; sourceTree = "<group>"; };
		E24CED45294231D300EB960C /* TextFieldLimitModifier.swift */ = {isa = PBXFileReference; lastKnownFileType = sourcecode.swift; path = TextFieldLimitModifier.swift; sourceTree = "<group>"; };
		E24CED4B29463AB200EB960C /* RecentCommentsView.swift */ = {isa = PBXFileReference; lastKnownFileType = sourcecode.swift; path = RecentCommentsView.swift; sourceTree = "<group>"; };
		E2587F232798D3EC008D80CA /* MapViewModel.swift */ = {isa = PBXFileReference; lastKnownFileType = sourcecode.swift; path = MapViewModel.swift; sourceTree = "<group>"; };
		E25EDCDB29398D5800F017E8 /* BannerAd.swift */ = {isa = PBXFileReference; lastKnownFileType = sourcecode.swift; path = BannerAd.swift; sourceTree = "<group>"; };
		E264494D2794B56700685DAB /* NetworkManager.swift */ = {isa = PBXFileReference; lastKnownFileType = sourcecode.swift; path = NetworkManager.swift; sourceTree = "<group>"; };
		E264494F2796487200685DAB /* ActivityRowView.swift */ = {isa = PBXFileReference; lastKnownFileType = sourcecode.swift; path = ActivityRowView.swift; sourceTree = "<group>"; };
		E264495627986B0700685DAB /* Constants.swift */ = {isa = PBXFileReference; lastKnownFileType = sourcecode.swift; path = Constants.swift; sourceTree = "<group>"; };
		E264495D2798D1B200685DAB /* Scanner.entitlements */ = {isa = PBXFileReference; lastKnownFileType = text.plist.entitlements; path = Scanner.entitlements; sourceTree = "<group>"; };
		E264495F2798D38E00685DAB /* MapView.swift */ = {isa = PBXFileReference; lastKnownFileType = sourcecode.swift; path = MapView.swift; sourceTree = "<group>"; };
		E29176692941A03000D14526 /* CommentView.swift */ = {isa = PBXFileReference; lastKnownFileType = sourcecode.swift; path = CommentView.swift; sourceTree = "<group>"; };
		E2C16902293BE34B00642670 /* CommentsView.swift */ = {isa = PBXFileReference; lastKnownFileType = sourcecode.swift; path = CommentsView.swift; sourceTree = "<group>"; };
		E2C16906293C343800642670 /* CommentsViewModel.swift */ = {isa = PBXFileReference; lastKnownFileType = sourcecode.swift; path = CommentsViewModel.swift; sourceTree = "<group>"; };
		E2E36C66293FB1F300A4A32C /* LoginView.swift */ = {isa = PBXFileReference; lastKnownFileType = sourcecode.swift; path = LoginView.swift; sourceTree = "<group>"; };
		E4126EF435D5649C86E63EB0 /* Pods_ScannerTV.framework */ = {isa = PBXFileReference; explicitFileType = wrapper.framework; includeInIndex = 0; path = Pods_ScannerTV.framework; sourceTree = BUILT_PRODUCTS_DIR; };
		E64FAFC148E2653F24F4B56A /* Pods_Scanner.framework */ = {isa = PBXFileReference; explicitFileType = wrapper.framework; includeInIndex = 0; path = Pods_Scanner.framework; sourceTree = BUILT_PRODUCTS_DIR; };
		EB0C3B0829442E590098C234 /* ProfileView.swift */ = {isa = PBXFileReference; lastKnownFileType = sourcecode.swift; path = ProfileView.swift; sourceTree = "<group>"; };
		EB0C3B0A29443B4B0098C234 /* HistoryView.swift */ = {isa = PBXFileReference; lastKnownFileType = sourcecode.swift; path = HistoryView.swift; sourceTree = "<group>"; };
		EB136E12292DC53E00CA905D /* NotificationView.swift */ = {isa = PBXFileReference; lastKnownFileType = sourcecode.swift; path = NotificationView.swift; sourceTree = "<group>"; };
		EB15895B29242A550009F60D /* FWPD Scanner.app */ = {isa = PBXFileReference; explicitFileType = wrapper.application; includeInIndex = 0; path = "FWPD Scanner.app"; sourceTree = BUILT_PRODUCTS_DIR; };
		EB15897129242AA20009F60D /* WatchScannerApp.swift */ = {isa = PBXFileReference; fileEncoding = 4; lastKnownFileType = sourcecode.swift; path = WatchScannerApp.swift; sourceTree = "<group>"; };
		EB15897329242AB60009F60D /* Assets.xcassets */ = {isa = PBXFileReference; lastKnownFileType = folder.assetcatalog; path = Assets.xcassets; sourceTree = "<group>"; };
		EB15897529242B110009F60D /* Preview Assets.xcassets */ = {isa = PBXFileReference; lastKnownFileType = folder.assetcatalog; path = "Preview Assets.xcassets"; sourceTree = "<group>"; };
		EB15897929242B370009F60D /* WatchViewModel.swift */ = {isa = PBXFileReference; fileEncoding = 4; lastKnownFileType = sourcecode.swift; path = WatchViewModel.swift; sourceTree = "<group>"; };
		EB15897A29242B370009F60D /* NetworkManager.swift */ = {isa = PBXFileReference; fileEncoding = 4; lastKnownFileType = sourcecode.swift; path = NetworkManager.swift; sourceTree = "<group>"; };
		EB15898B292430D80009F60D /* GeoFire.framework */ = {isa = PBXFileReference; explicitFileType = wrapper.framework; path = GeoFire.framework; sourceTree = BUILT_PRODUCTS_DIR; };
		EB158992292538D20009F60D /* WatchOnboardingView.swift */ = {isa = PBXFileReference; lastKnownFileType = sourcecode.swift; name = WatchOnboardingView.swift; path = "watchScanner Watch App/WatchOnboardingView.swift"; sourceTree = SOURCE_ROOT; };
		EB158998292544080009F60D /* ScannerTV.app */ = {isa = PBXFileReference; explicitFileType = wrapper.application; includeInIndex = 0; path = ScannerTV.app; sourceTree = BUILT_PRODUCTS_DIR; };
		EB15899A292544080009F60D /* ScannerTVApp.swift */ = {isa = PBXFileReference; lastKnownFileType = sourcecode.swift; path = ScannerTVApp.swift; sourceTree = "<group>"; };
		EB15899E292544080009F60D /* Assets.xcassets */ = {isa = PBXFileReference; lastKnownFileType = folder.assetcatalog; path = Assets.xcassets; sourceTree = "<group>"; };
		EB1589A1292544080009F60D /* Preview Assets.xcassets */ = {isa = PBXFileReference; lastKnownFileType = folder.assetcatalog; path = "Preview Assets.xcassets"; sourceTree = "<group>"; };
		EB1589A62925446E0009F60D /* TVActivityDetailView.swift */ = {isa = PBXFileReference; fileEncoding = 4; lastKnownFileType = sourcecode.swift; path = TVActivityDetailView.swift; sourceTree = "<group>"; };
		EB1589A72925446E0009F60D /* TVRowView.swift */ = {isa = PBXFileReference; fileEncoding = 4; lastKnownFileType = sourcecode.swift; path = TVRowView.swift; sourceTree = "<group>"; };
		EB1589AA292544790009F60D /* TVMapAnnotationView.swift */ = {isa = PBXFileReference; fileEncoding = 4; lastKnownFileType = sourcecode.swift; path = TVMapAnnotationView.swift; sourceTree = "<group>"; };
		EB1589AB292544790009F60D /* TVNavBarView.swift */ = {isa = PBXFileReference; fileEncoding = 4; lastKnownFileType = sourcecode.swift; path = TVNavBarView.swift; sourceTree = "<group>"; };
		EB1589AC292544790009F60D /* TVMainView.swift */ = {isa = PBXFileReference; fileEncoding = 4; lastKnownFileType = sourcecode.swift; path = TVMainView.swift; sourceTree = "<group>"; };
		EB1589AD292544790009F60D /* TVMapView.swift */ = {isa = PBXFileReference; fileEncoding = 4; lastKnownFileType = sourcecode.swift; path = TVMapView.swift; sourceTree = "<group>"; };
		EB1589AE292544790009F60D /* TVView.swift */ = {isa = PBXFileReference; fileEncoding = 4; lastKnownFileType = sourcecode.swift; path = TVView.swift; sourceTree = "<group>"; };
		EB1589AF292544790009F60D /* TVStatusView.swift */ = {isa = PBXFileReference; fileEncoding = 4; lastKnownFileType = sourcecode.swift; path = TVStatusView.swift; sourceTree = "<group>"; };
		EB1589B0292544790009F60D /* TVOnboardingView.swift */ = {isa = PBXFileReference; fileEncoding = 4; lastKnownFileType = sourcecode.swift; path = TVOnboardingView.swift; sourceTree = "<group>"; };
		EB1589BE292544F60009F60D /* NetworkManager.swift */ = {isa = PBXFileReference; fileEncoding = 4; lastKnownFileType = sourcecode.swift; path = NetworkManager.swift; sourceTree = "<group>"; };
		EB1CC35B28E5158F009B593F /* MainView.swift */ = {isa = PBXFileReference; lastKnownFileType = sourcecode.swift; path = MainView.swift; sourceTree = "<group>"; };
		EB1CC35D28E521D7009B593F /* ExpandedDetailView.swift */ = {isa = PBXFileReference; lastKnownFileType = sourcecode.swift; path = ExpandedDetailView.swift; sourceTree = "<group>"; };
		EB346CB828FA407200693F59 /* DetailViewModel.swift */ = {isa = PBXFileReference; fileEncoding = 4; lastKnownFileType = sourcecode.swift; path = DetailViewModel.swift; sourceTree = "<group>"; };
		EB397D2B28F8AC2900E7178F /* StatusView.swift */ = {isa = PBXFileReference; lastKnownFileType = sourcecode.swift; path = StatusView.swift; sourceTree = "<group>"; };
		EB397D2F28F8E8DE00E7178F /* WatchStatusView.swift */ = {isa = PBXFileReference; lastKnownFileType = sourcecode.swift; path = WatchStatusView.swift; sourceTree = "<group>"; };
		EB3A359228F5FEDE009625D0 /* NotificationSettingsView.swift */ = {isa = PBXFileReference; lastKnownFileType = sourcecode.swift; path = NotificationSettingsView.swift; sourceTree = "<group>"; };
		EB3A359428F6127F009625D0 /* ExpandedNavBarView.swift */ = {isa = PBXFileReference; lastKnownFileType = sourcecode.swift; path = ExpandedNavBarView.swift; sourceTree = "<group>"; };
		EB4EA5BC293FDE8000A39512 /* RegisterView.swift */ = {isa = PBXFileReference; lastKnownFileType = sourcecode.swift; path = RegisterView.swift; sourceTree = "<group>"; };
		EB57406728E6166E009FDA3D /* StandardNavBarView.swift */ = {isa = PBXFileReference; lastKnownFileType = sourcecode.swift; path = StandardNavBarView.swift; sourceTree = "<group>"; };
		EB57406928E617A0009FDA3D /* ActivityView.swift */ = {isa = PBXFileReference; lastKnownFileType = sourcecode.swift; path = ActivityView.swift; sourceTree = "<group>"; };
		EB57DA0B28E61BC40031B68A /* MapAnnotationView.swift */ = {isa = PBXFileReference; lastKnownFileType = sourcecode.swift; path = MapAnnotationView.swift; sourceTree = "<group>"; };
		EB57DA1528E78D0C0031B68A /* WatchMainView.swift */ = {isa = PBXFileReference; lastKnownFileType = sourcecode.swift; path = WatchMainView.swift; sourceTree = "<group>"; };
		EB62D7E828E79ADD005A76E7 /* WatchListView.swift */ = {isa = PBXFileReference; lastKnownFileType = sourcecode.swift; path = WatchListView.swift; sourceTree = "<group>"; };
		EB62D7EC28E79D47005A76E7 /* WatchDetailView.swift */ = {isa = PBXFileReference; lastKnownFileType = sourcecode.swift; path = WatchDetailView.swift; sourceTree = "<group>"; };
		EB62D7EE28E79D9B005A76E7 /* WatchRowView.swift */ = {isa = PBXFileReference; lastKnownFileType = sourcecode.swift; path = WatchRowView.swift; sourceTree = "<group>"; };
		EB62D7F028E7A7D7005A76E7 /* WatchMapAnnotationView.swift */ = {isa = PBXFileReference; lastKnownFileType = sourcecode.swift; path = WatchMapAnnotationView.swift; sourceTree = "<group>"; };
		EB62D7F228E7A80D005A76E7 /* WatchMapView.swift */ = {isa = PBXFileReference; lastKnownFileType = sourcecode.swift; path = WatchMapView.swift; sourceTree = "<group>"; };
		EB64E78F28F6209500721DD0 /* ExpandedFilterSettingsView.swift */ = {isa = PBXFileReference; lastKnownFileType = sourcecode.swift; path = ExpandedFilterSettingsView.swift; sourceTree = "<group>"; };
		EB64E79328F649ED00721DD0 /* OnboardingView.swift */ = {isa = PBXFileReference; lastKnownFileType = sourcecode.swift; path = OnboardingView.swift; sourceTree = "<group>"; };
		EB64E79528F657F100721DD0 /* LocationDisclaimerView.swift */ = {isa = PBXFileReference; lastKnownFileType = sourcecode.swift; path = LocationDisclaimerView.swift; sourceTree = "<group>"; };
		EB70058A28FF2D2F0056892F /* ScannerRelease.entitlements */ = {isa = PBXFileReference; lastKnownFileType = text.plist.entitlements; path = ScannerRelease.entitlements; sourceTree = "<group>"; };
		EB7E41F528F72FDC0007347E /* LaunchScreen.storyboard */ = {isa = PBXFileReference; lastKnownFileType = file.storyboard; path = LaunchScreen.storyboard; sourceTree = "<group>"; };
		EB98F86928E8C3B7009AC6B1 /* WidgetKit.framework */ = {isa = PBXFileReference; lastKnownFileType = wrapper.framework; name = WidgetKit.framework; path = System/Library/Frameworks/WidgetKit.framework; sourceTree = SDKROOT; };
		EB98F86B28E8C3B7009AC6B1 /* SwiftUI.framework */ = {isa = PBXFileReference; lastKnownFileType = wrapper.framework; name = SwiftUI.framework; path = System/Library/Frameworks/SwiftUI.framework; sourceTree = SDKROOT; };
		EBA6ECD8292017EC00805610 /* GoogleService-Info.plist */ = {isa = PBXFileReference; fileEncoding = 4; lastKnownFileType = text.plist.xml; path = "GoogleService-Info.plist"; sourceTree = "<group>"; };
		EBBBCE2B2927F3D00015E4C1 /* WatchScanner Watch App.entitlements */ = {isa = PBXFileReference; lastKnownFileType = text.plist.entitlements; path = "WatchScanner Watch App.entitlements"; sourceTree = "<group>"; };
		EBBBCE2E292AE5500015E4C1 /* BookmarkView.swift */ = {isa = PBXFileReference; lastKnownFileType = sourcecode.swift; path = BookmarkView.swift; sourceTree = "<group>"; };
		EBBBCE30292AED720015E4C1 /* RefreshReminderView.swift */ = {isa = PBXFileReference; lastKnownFileType = sourcecode.swift; path = RefreshReminderView.swift; sourceTree = "<group>"; };
		EBBBCE32292B0B5D0015E4C1 /* SubscriptionManager.swift */ = {isa = PBXFileReference; lastKnownFileType = sourcecode.swift; path = SubscriptionManager.swift; sourceTree = "<group>"; };
		EBC53FAF28FC96B80063F87A /* DetailMapView.swift */ = {isa = PBXFileReference; lastKnownFileType = sourcecode.swift; path = DetailMapView.swift; sourceTree = "<group>"; };
		EBC7DB292948AEE10059BEC5 /* UniversalBackButton.swift */ = {isa = PBXFileReference; lastKnownFileType = sourcecode.swift; path = UniversalBackButton.swift; sourceTree = "<group>"; };
		EBC7DB2B2948BB110059BEC5 /* PurchaseView.swift */ = {isa = PBXFileReference; lastKnownFileType = sourcecode.swift; path = PurchaseView.swift; sourceTree = "<group>"; };
		EBC7DB2D2948BD660059BEC5 /* StoreKit.framework */ = {isa = PBXFileReference; lastKnownFileType = wrapper.framework; name = StoreKit.framework; path = System/Library/Frameworks/StoreKit.framework; sourceTree = SDKROOT; };
		EBC7DB2F2948BD7D0059BEC5 /* StoreManager.swift */ = {isa = PBXFileReference; lastKnownFileType = sourcecode.swift; path = StoreManager.swift; sourceTree = "<group>"; };
		EBC7DB332948D0BA0059BEC5 /* Snow.sks */ = {isa = PBXFileReference; lastKnownFileType = file.sks; path = Snow.sks; sourceTree = "<group>"; };
		EBC7DB3D2948EB650059BEC5 /* WatchScannerModel.swift */ = {isa = PBXFileReference; lastKnownFileType = sourcecode.swift; path = WatchScannerModel.swift; sourceTree = "<group>"; };
		EBD6128E292BAF2200FE9037 /* WatchScanner-Watch-App-Info.plist */ = {isa = PBXFileReference; lastKnownFileType = text.plist; path = "WatchScanner-Watch-App-Info.plist"; sourceTree = SOURCE_ROOT; };
		EBE043FE28F5F23B003C4A37 /* SettingsView.swift */ = {isa = PBXFileReference; lastKnownFileType = sourcecode.swift; path = SettingsView.swift; sourceTree = "<group>"; };
		EBE0440028F5F255003C4A37 /* NaturesListView.swift */ = {isa = PBXFileReference; lastKnownFileType = sourcecode.swift; path = NaturesListView.swift; sourceTree = "<group>"; };
/* End PBXFileReference section */

/* Begin PBXFrameworksBuildPhase section */
		E202F43C278E84A7009C0B13 /* Frameworks */ = {
			isa = PBXFrameworksBuildPhase;
			buildActionMask = 2147483647;
			files = (
				EBC7DB2E2948BD660059BEC5 /* StoreKit.framework in Frameworks */,
				EBC7DB432948F0160059BEC5 /* FirebaseAuth in Frameworks */,
				EBC7DB472948F0160059BEC5 /* FirebaseMessaging in Frameworks */,
				EBC7DB412948F0160059BEC5 /* FirebaseAnalytics in Frameworks */,
				08875E1AB8E55DE2DC319B50 /* Pods_Scanner.framework in Frameworks */,
				EBC7DB452948F0160059BEC5 /* FirebaseFirestore in Frameworks */,
				EBC7DB4B2948F1000059BEC5 /* GoogleMobileAds in Frameworks */,
			);
			runOnlyForDeploymentPostprocessing = 0;
		};
		EB15895829242A550009F60D /* Frameworks */ = {
			isa = PBXFrameworksBuildPhase;
			buildActionMask = 2147483647;
			files = (
			);
			runOnlyForDeploymentPostprocessing = 0;
		};
		EB158995292544080009F60D /* Frameworks */ = {
			isa = PBXFrameworksBuildPhase;
			buildActionMask = 2147483647;
			files = (
				8545C1E2F3899160A4ACD181 /* Pods_ScannerTV.framework in Frameworks */,
			);
			runOnlyForDeploymentPostprocessing = 0;
		};
/* End PBXFrameworksBuildPhase section */

/* Begin PBXGroup section */
		4FF1AD4D21DDA7CE589A35A0 /* Pods */ = {
			isa = PBXGroup;
			children = (
				99DF38480950BA6ACF97A37D /* Pods-Scanner.debug.xcconfig */,
				4E5CE789011E150D5C9022ED /* Pods-Scanner.release.xcconfig */,
				B97BC00A5C8A6487333453D4 /* Pods-ScannerTV.debug.xcconfig */,
				904831919DBEDA0C7E646D0E /* Pods-ScannerTV.release.xcconfig */,
			);
			path = Pods;
			sourceTree = "<group>";
		};
		E202F436278E84A7009C0B13 = {
			isa = PBXGroup;
			children = (
				EBA6ECD8292017EC00805610 /* GoogleService-Info.plist */,
				E202F441278E84A7009C0B13 /* Scanner */,
				EB158999292544080009F60D /* ScannerTV */,
				EB15895C29242A550009F60D /* WatchScanner Watch App */,
				EB98F86828E8C3B7009AC6B1 /* Frameworks */,
				E202F440278E84A7009C0B13 /* Products */,
				4FF1AD4D21DDA7CE589A35A0 /* Pods */,
			);
			sourceTree = "<group>";
		};
		E202F440278E84A7009C0B13 /* Products */ = {
			isa = PBXGroup;
			children = (
				E202F43F278E84A7009C0B13 /* Scanner.app */,
				EB15895B29242A550009F60D /* FWPD Scanner.app */,
				EB158998292544080009F60D /* ScannerTV.app */,
			);
			name = Products;
			sourceTree = "<group>";
		};
		E202F441278E84A7009C0B13 /* Scanner */ = {
			isa = PBXGroup;
			children = (
				EB70058A28FF2D2F0056892F /* ScannerRelease.entitlements */,
				E264495D2798D1B200685DAB /* Scanner.entitlements */,
				EB7E41F528F72FDC0007347E /* LaunchScreen.storyboard */,
				E202F442278E84A7009C0B13 /* ScannerApp.swift */,
				EBC7DB332948D0BA0059BEC5 /* Snow.sks */,
				EB57406E28E61A70009FDA3D /* Models */,
				E264494C2794B55000685DAB /* Utilities */,
				EB57406B28E61A20009FDA3D /* Major Views */,
				EB57406D28E61A5E009FDA3D /* Parent Views */,
				EBB42E4428F65D2100F32BD8 /* Child Views */,
				E202F448278E84A8009C0B13 /* Preview Content */,
				E202F446278E84A8009C0B13 /* Assets.xcassets */,
			);
			path = Scanner;
			sourceTree = "<group>";
		};
		E202F448278E84A8009C0B13 /* Preview Content */ = {
			isa = PBXGroup;
			children = (
				E202F449278E84A8009C0B13 /* Preview Assets.xcassets */,
			);
			path = "Preview Content";
			sourceTree = "<group>";
		};
		E264494C2794B55000685DAB /* Utilities */ = {
			isa = PBXGroup;
			children = (
				E264494D2794B56700685DAB /* NetworkManager.swift */,
				EBC7DB2F2948BD7D0059BEC5 /* StoreManager.swift */,
				EBBBCE32292B0B5D0015E4C1 /* SubscriptionManager.swift */,
				E24522D12791F69400EFBB3E /* LocationManager.swift */,
				E264495627986B0700685DAB /* Constants.swift */,
				E25EDCDB29398D5800F017E8 /* BannerAd.swift */,
				E24CED45294231D300EB960C /* TextFieldLimitModifier.swift */,
			);
			path = Utilities;
			sourceTree = "<group>";
		};
		EB15895C29242A550009F60D /* WatchScanner Watch App */ = {
			isa = PBXGroup;
			children = (
				EBD6128E292BAF2200FE9037 /* WatchScanner-Watch-App-Info.plist */,
				EBBBCE2B2927F3D00015E4C1 /* WatchScanner Watch App.entitlements */,
				EB15897829242B370009F60D /* Models */,
				EB15897129242AA20009F60D /* WatchScannerApp.swift */,
				EB57DA1528E78D0C0031B68A /* WatchMainView.swift */,
				EB62D7E828E79ADD005A76E7 /* WatchListView.swift */,
				EB397D2F28F8E8DE00E7178F /* WatchStatusView.swift */,
				EB62D7EE28E79D9B005A76E7 /* WatchRowView.swift */,
				EB62D7F228E7A80D005A76E7 /* WatchMapView.swift */,
				EB62D7F028E7A7D7005A76E7 /* WatchMapAnnotationView.swift */,
				EB62D7EC28E79D47005A76E7 /* WatchDetailView.swift */,
				EB158992292538D20009F60D /* WatchOnboardingView.swift */,
				EB15897329242AB60009F60D /* Assets.xcassets */,
				EB15896329242A550009F60D /* Preview Content */,
			);
			path = "WatchScanner Watch App";
			sourceTree = "<group>";
		};
		EB15896329242A550009F60D /* Preview Content */ = {
			isa = PBXGroup;
			children = (
				EB15897529242B110009F60D /* Preview Assets.xcassets */,
			);
			path = "Preview Content";
			sourceTree = "<group>";
		};
		EB15897829242B370009F60D /* Models */ = {
			isa = PBXGroup;
			children = (
				EB15897929242B370009F60D /* WatchViewModel.swift */,
				EBC7DB3D2948EB650059BEC5 /* WatchScannerModel.swift */,
				EB15897A29242B370009F60D /* NetworkManager.swift */,
			);
			name = Models;
			path = "watchScanner Watch App/Models";
			sourceTree = SOURCE_ROOT;
		};
		EB158999292544080009F60D /* ScannerTV */ = {
			isa = PBXGroup;
			children = (
				EB15899A292544080009F60D /* ScannerTVApp.swift */,
				EB1589BD292544F60009F60D /* Models */,
				EB1589AE292544790009F60D /* TVView.swift */,
				EB1589AC292544790009F60D /* TVMainView.swift */,
				EB1589A62925446E0009F60D /* TVActivityDetailView.swift */,
				EB1589AB292544790009F60D /* TVNavBarView.swift */,
				EB1589A72925446E0009F60D /* TVRowView.swift */,
				EB1589AA292544790009F60D /* TVMapAnnotationView.swift */,
				EB1589AD292544790009F60D /* TVMapView.swift */,
				EB1589B0292544790009F60D /* TVOnboardingView.swift */,
				EB1589AF292544790009F60D /* TVStatusView.swift */,
				EB15899E292544080009F60D /* Assets.xcassets */,
				EB1589A0292544080009F60D /* Preview Content */,
			);
			path = ScannerTV;
			sourceTree = "<group>";
		};
		EB1589A0292544080009F60D /* Preview Content */ = {
			isa = PBXGroup;
			children = (
				EB1589A1292544080009F60D /* Preview Assets.xcassets */,
			);
			path = "Preview Content";
			sourceTree = "<group>";
		};
		EB1589BD292544F60009F60D /* Models */ = {
			isa = PBXGroup;
			children = (
				EB1589BE292544F60009F60D /* NetworkManager.swift */,
			);
			path = Models;
			sourceTree = "<group>";
		};
		EB57406B28E61A20009FDA3D /* Major Views */ = {
			isa = PBXGroup;
			children = (
				EB1CC35B28E5158F009B593F /* MainView.swift */,
				EB0C3B0829442E590098C234 /* ProfileView.swift */,
				EB57406728E6166E009FDA3D /* StandardNavBarView.swift */,
				EB3A359428F6127F009625D0 /* ExpandedNavBarView.swift */,
				EBE043FE28F5F23B003C4A37 /* SettingsView.swift */,
				EB64E78F28F6209500721DD0 /* ExpandedFilterSettingsView.swift */,
				EB397D2B28F8AC2900E7178F /* StatusView.swift */,
				EB57406928E617A0009FDA3D /* ActivityView.swift */,
				EB64E79328F649ED00721DD0 /* OnboardingView.swift */,
			);
			path = "Major Views";
			sourceTree = "<group>";
		};
		EB57406D28E61A5E009FDA3D /* Parent Views */ = {
			isa = PBXGroup;
			children = (
				E202F444278E84A7009C0B13 /* ListView.swift */,
				E2C16902293BE34B00642670 /* CommentsView.swift */,
				E264495F2798D38E00685DAB /* MapView.swift */,
				EBBBCE2E292AE5500015E4C1 /* BookmarkView.swift */,
				EB0C3B0A29443B4B0098C234 /* HistoryView.swift */,
				EB3A359228F5FEDE009625D0 /* NotificationSettingsView.swift */,
				EB64E79528F657F100721DD0 /* LocationDisclaimerView.swift */,
				E264494F2796487200685DAB /* ActivityRowView.swift */,
				E24CED4B29463AB200EB960C /* RecentCommentsView.swift */,
			);
			path = "Parent Views";
			sourceTree = "<group>";
		};
		EB57406E28E61A70009FDA3D /* Models */ = {
			isa = PBXGroup;
			children = (
				E202F45027907868009C0B13 /* ScannerModel.swift */,
				E202F4522790C46F009C0B13 /* MainViewModel.swift */,
				EB346CB828FA407200693F59 /* DetailViewModel.swift */,
				E2587F232798D3EC008D80CA /* MapViewModel.swift */,
				E2C16906293C343800642670 /* CommentsViewModel.swift */,
			);
			path = Models;
			sourceTree = "<group>";
		};
		EB98F86828E8C3B7009AC6B1 /* Frameworks */ = {
			isa = PBXGroup;
			children = (
				EBC7DB2D2948BD660059BEC5 /* StoreKit.framework */,
				EB15898B292430D80009F60D /* GeoFire.framework */,
				EB98F86928E8C3B7009AC6B1 /* WidgetKit.framework */,
				EB98F86B28E8C3B7009AC6B1 /* SwiftUI.framework */,
				E64FAFC148E2653F24F4B56A /* Pods_Scanner.framework */,
				E4126EF435D5649C86E63EB0 /* Pods_ScannerTV.framework */,
				673132D6587E7C28732BD43D /* Pods_scannerWidgetsExtension.framework */,
			);
			name = Frameworks;
			sourceTree = "<group>";
		};
		EBB42E4428F65D2100F32BD8 /* Child Views */ = {
			isa = PBXGroup;
			children = (
				E24522BD279134F200EFBB3E /* DetailView.swift */,
				EB136E12292DC53E00CA905D /* NotificationView.swift */,
				EB1CC35D28E521D7009B593F /* ExpandedDetailView.swift */,
				EBC53FAF28FC96B80063F87A /* DetailMapView.swift */,
				EBE0440028F5F255003C4A37 /* NaturesListView.swift */,
				EB57DA0B28E61BC40031B68A /* MapAnnotationView.swift */,
				EBBBCE30292AED720015E4C1 /* RefreshReminderView.swift */,
				EB4EA5BC293FDE8000A39512 /* RegisterView.swift */,
				E2E36C66293FB1F300A4A32C /* LoginView.swift */,
				E29176692941A03000D14526 /* CommentView.swift */,
				EBC7DB2B2948BB110059BEC5 /* PurchaseView.swift */,
				EBC7DB292948AEE10059BEC5 /* UniversalBackButton.swift */,
			);
			path = "Child Views";
			sourceTree = "<group>";
		};
/* End PBXGroup section */

/* Begin PBXNativeTarget section */
		E202F43E278E84A7009C0B13 /* Scanner */ = {
			isa = PBXNativeTarget;
			buildConfigurationList = E202F44D278E84A8009C0B13 /* Build configuration list for PBXNativeTarget "Scanner" */;
			buildPhases = (
				5A72AD442C0384427E564D4C /* [CP] Check Pods Manifest.lock */,
				E202F43B278E84A7009C0B13 /* Sources */,
				E202F43C278E84A7009C0B13 /* Frameworks */,
				E202F43D278E84A7009C0B13 /* Resources */,
				EB98F87D28E8C3B8009AC6B1 /* Embed Foundation Extensions */,
				F1C68C6D0BE79CAE38F0B5AA /* [CP] Embed Pods Frameworks */,
			);
			buildRules = (
			);
			dependencies = (
			);
			name = Scanner;
			packageProductDependencies = (
				EBC7DB402948F0160059BEC5 /* FirebaseAnalytics */,
				EBC7DB422948F0160059BEC5 /* FirebaseAuth */,
				EBC7DB442948F0160059BEC5 /* FirebaseFirestore */,
				EBC7DB462948F0160059BEC5 /* FirebaseMessaging */,
				EBC7DB4A2948F1000059BEC5 /* GoogleMobileAds */,
			);
			productName = Scanner;
			productReference = E202F43F278E84A7009C0B13 /* Scanner.app */;
			productType = "com.apple.product-type.application";
		};
		EB15895A29242A550009F60D /* WatchScanner Watch App */ = {
			isa = PBXNativeTarget;
			buildConfigurationList = EB15896829242A550009F60D /* Build configuration list for PBXNativeTarget "WatchScanner Watch App" */;
			buildPhases = (
				EB15895729242A550009F60D /* Sources */,
				EB15895829242A550009F60D /* Frameworks */,
				EB15895929242A550009F60D /* Resources */,
			);
			buildRules = (
			);
			dependencies = (
			);
			name = "WatchScanner Watch App";
			packageProductDependencies = (
			);
			productName = "WatchScanner Watch App";
			productReference = EB15895B29242A550009F60D /* FWPD Scanner.app */;
			productType = "com.apple.product-type.application";
		};
		EB158997292544080009F60D /* ScannerTV */ = {
			isa = PBXNativeTarget;
			buildConfigurationList = EB1589A3292544080009F60D /* Build configuration list for PBXNativeTarget "ScannerTV" */;
			buildPhases = (
				CAE1226A949F5DC42B053664 /* [CP] Check Pods Manifest.lock */,
				EB158994292544080009F60D /* Sources */,
				EB158995292544080009F60D /* Frameworks */,
				EB158996292544080009F60D /* Resources */,
			);
			buildRules = (
			);
			dependencies = (
			);
			name = ScannerTV;
			packageProductDependencies = (
			);
			productName = ScannerTV;
			productReference = EB158998292544080009F60D /* ScannerTV.app */;
			productType = "com.apple.product-type.application";
		};
/* End PBXNativeTarget section */

/* Begin PBXProject section */
		E202F437278E84A7009C0B13 /* Project object */ = {
			isa = PBXProject;
			attributes = {
				BuildIndependentTargetsInParallel = 1;
				LastSwiftUpdateCheck = 1410;
				LastUpgradeCheck = 1410;
				TargetAttributes = {
					E202F43E278E84A7009C0B13 = {
						CreatedOnToolsVersion = 13.2.1;
					};
					EB15895A29242A550009F60D = {
						CreatedOnToolsVersion = 14.1;
					};
					EB158997292544080009F60D = {
						CreatedOnToolsVersion = 14.1;
					};
				};
			};
			buildConfigurationList = E202F43A278E84A7009C0B13 /* Build configuration list for PBXProject "Scanner" */;
			compatibilityVersion = "Xcode 13.0";
			developmentRegion = en;
			hasScannedForEncodings = 0;
			knownRegions = (
				en,
				Base,
			);
			mainGroup = E202F436278E84A7009C0B13;
			packageReferences = (
				EBC7DB3F2948F0160059BEC5 /* XCRemoteSwiftPackageReference "firebase-ios-sdk" */,
				EBC7DB492948F1000059BEC5 /* XCRemoteSwiftPackageReference "swift-package-manager-google-mobile-ads" */,
			);
			productRefGroup = E202F440278E84A7009C0B13 /* Products */;
			projectDirPath = "";
			projectRoot = "";
			targets = (
				E202F43E278E84A7009C0B13 /* Scanner */,
				EB15895A29242A550009F60D /* WatchScanner Watch App */,
				EB158997292544080009F60D /* ScannerTV */,
			);
		};
/* End PBXProject section */

/* Begin PBXResourcesBuildPhase section */
		E202F43D278E84A7009C0B13 /* Resources */ = {
			isa = PBXResourcesBuildPhase;
			buildActionMask = 2147483647;
			files = (
				E202F44A278E84A8009C0B13 /* Preview Assets.xcassets in Resources */,
				EBA6ECD9292017EC00805610 /* GoogleService-Info.plist in Resources */,
				E202F447278E84A8009C0B13 /* Assets.xcassets in Resources */,
				EBC7DB342948D0BA0059BEC5 /* Snow.sks in Resources */,
				EB7E41F628F72FDC0007347E /* LaunchScreen.storyboard in Resources */,
			);
			runOnlyForDeploymentPostprocessing = 0;
		};
		EB15895929242A550009F60D /* Resources */ = {
			isa = PBXResourcesBuildPhase;
			buildActionMask = 2147483647;
			files = (
				EB15897629242B110009F60D /* Preview Assets.xcassets in Resources */,
				EB15897429242AB60009F60D /* Assets.xcassets in Resources */,
			);
			runOnlyForDeploymentPostprocessing = 0;
		};
		EB158996292544080009F60D /* Resources */ = {
			isa = PBXResourcesBuildPhase;
			buildActionMask = 2147483647;
			files = (
				EB1589A2292544080009F60D /* Preview Assets.xcassets in Resources */,
				EBFB9ED2292EA7F2002BD3AA /* Assets.xcassets in Resources */,
				EB1589C32925482C0009F60D /* GoogleService-Info.plist in Resources */,
			);
			runOnlyForDeploymentPostprocessing = 0;
		};
/* End PBXResourcesBuildPhase section */

/* Begin PBXShellScriptBuildPhase section */
		5A72AD442C0384427E564D4C /* [CP] Check Pods Manifest.lock */ = {
			isa = PBXShellScriptBuildPhase;
			buildActionMask = 2147483647;
			files = (
			);
			inputFileListPaths = (
			);
			inputPaths = (
				"${PODS_PODFILE_DIR_PATH}/Podfile.lock",
				"${PODS_ROOT}/Manifest.lock",
			);
			name = "[CP] Check Pods Manifest.lock";
			outputFileListPaths = (
			);
			outputPaths = (
				"$(DERIVED_FILE_DIR)/Pods-Scanner-checkManifestLockResult.txt",
			);
			runOnlyForDeploymentPostprocessing = 0;
			shellPath = /bin/sh;
			shellScript = "diff \"${PODS_PODFILE_DIR_PATH}/Podfile.lock\" \"${PODS_ROOT}/Manifest.lock\" > /dev/null\nif [ $? != 0 ] ; then\n    # print error to STDERR\n    echo \"error: The sandbox is not in sync with the Podfile.lock. Run 'pod install' or update your CocoaPods installation.\" >&2\n    exit 1\nfi\n# This output is used by Xcode 'outputs' to avoid re-running this script phase.\necho \"SUCCESS\" > \"${SCRIPT_OUTPUT_FILE_0}\"\n";
			showEnvVarsInLog = 0;
		};
		CAE1226A949F5DC42B053664 /* [CP] Check Pods Manifest.lock */ = {
			isa = PBXShellScriptBuildPhase;
			buildActionMask = 2147483647;
			files = (
			);
			inputFileListPaths = (
			);
			inputPaths = (
				"${PODS_PODFILE_DIR_PATH}/Podfile.lock",
				"${PODS_ROOT}/Manifest.lock",
			);
			name = "[CP] Check Pods Manifest.lock";
			outputFileListPaths = (
			);
			outputPaths = (
				"$(DERIVED_FILE_DIR)/Pods-ScannerTV-checkManifestLockResult.txt",
			);
			runOnlyForDeploymentPostprocessing = 0;
			shellPath = /bin/sh;
			shellScript = "diff \"${PODS_PODFILE_DIR_PATH}/Podfile.lock\" \"${PODS_ROOT}/Manifest.lock\" > /dev/null\nif [ $? != 0 ] ; then\n    # print error to STDERR\n    echo \"error: The sandbox is not in sync with the Podfile.lock. Run 'pod install' or update your CocoaPods installation.\" >&2\n    exit 1\nfi\n# This output is used by Xcode 'outputs' to avoid re-running this script phase.\necho \"SUCCESS\" > \"${SCRIPT_OUTPUT_FILE_0}\"\n";
			showEnvVarsInLog = 0;
		};
		F1C68C6D0BE79CAE38F0B5AA /* [CP] Embed Pods Frameworks */ = {
			isa = PBXShellScriptBuildPhase;
			buildActionMask = 2147483647;
			files = (
			);
			inputFileListPaths = (
				"${PODS_ROOT}/Target Support Files/Pods-Scanner/Pods-Scanner-frameworks-${CONFIGURATION}-input-files.xcfilelist",
			);
			name = "[CP] Embed Pods Frameworks";
			outputFileListPaths = (
				"${PODS_ROOT}/Target Support Files/Pods-Scanner/Pods-Scanner-frameworks-${CONFIGURATION}-output-files.xcfilelist",
			);
			runOnlyForDeploymentPostprocessing = 0;
			shellPath = /bin/sh;
			shellScript = "\"${PODS_ROOT}/Target Support Files/Pods-Scanner/Pods-Scanner-frameworks.sh\"\n";
			showEnvVarsInLog = 0;
		};
/* End PBXShellScriptBuildPhase section */

/* Begin PBXSourcesBuildPhase section */
		E202F43B278E84A7009C0B13 /* Sources */ = {
			isa = PBXSourcesBuildPhase;
			buildActionMask = 2147483647;
			files = (
				EB57DA0C28E61BC40031B68A /* MapAnnotationView.swift in Sources */,
				EB0C3B0929442E590098C234 /* ProfileView.swift in Sources */,
				EBC53FB028FC96B80063F87A /* DetailMapView.swift in Sources */,
				EBBBCE31292AED720015E4C1 /* RefreshReminderView.swift in Sources */,
				EB1CC35C28E5158F009B593F /* MainView.swift in Sources */,
				E291766A2941A03000D14526 /* CommentView.swift in Sources */,
				E25EDCDC29398D5800F017E8 /* BannerAd.swift in Sources */,
				E202F45127907868009C0B13 /* ScannerModel.swift in Sources */,
				EB397D2C28F8AC2900E7178F /* StatusView.swift in Sources */,
				E24522BE279134F200EFBB3E /* DetailView.swift in Sources */,
				E2E36C67293FB1F300A4A32C /* LoginView.swift in Sources */,
				EB4EA5BD293FDE8000A39512 /* RegisterView.swift in Sources */,
				E24522D22791F69400EFBB3E /* LocationManager.swift in Sources */,
				E202F445278E84A7009C0B13 /* ListView.swift in Sources */,
				EB136E13292DC53E00CA905D /* NotificationView.swift in Sources */,
				E24CED4C29463AB200EB960C /* RecentCommentsView.swift in Sources */,
				E26449502796487200685DAB /* ActivityRowView.swift in Sources */,
				EB64E79028F6209500721DD0 /* ExpandedFilterSettingsView.swift in Sources */,
				EB0C3B0B29443B4B0098C234 /* HistoryView.swift in Sources */,
				E264494E2794B56700685DAB /* NetworkManager.swift in Sources */,
				EB57406828E6166E009FDA3D /* StandardNavBarView.swift in Sources */,
				EBC7DB302948BD7D0059BEC5 /* StoreManager.swift in Sources */,
				EBC7DB2C2948BB110059BEC5 /* PurchaseView.swift in Sources */,
				E2587F242798D3EC008D80CA /* MapViewModel.swift in Sources */,
				E2C16907293C343800642670 /* CommentsViewModel.swift in Sources */,
				EB64E79428F649ED00721DD0 /* OnboardingView.swift in Sources */,
				E2C16903293BE34B00642670 /* CommentsView.swift in Sources */,
				EBBBCE2F292AE5500015E4C1 /* BookmarkView.swift in Sources */,
				E26449602798D38E00685DAB /* MapView.swift in Sources */,
				EB57406A28E617A0009FDA3D /* ActivityView.swift in Sources */,
				EB346CB928FA407200693F59 /* DetailViewModel.swift in Sources */,
				EB3A359528F6127F009625D0 /* ExpandedNavBarView.swift in Sources */,
				E24CED46294231D300EB960C /* TextFieldLimitModifier.swift in Sources */,
				E202F4532790C46F009C0B13 /* MainViewModel.swift in Sources */,
				EB1CC35E28E521D7009B593F /* ExpandedDetailView.swift in Sources */,
				EBBBCE33292B0B5D0015E4C1 /* SubscriptionManager.swift in Sources */,
				E202F443278E84A7009C0B13 /* ScannerApp.swift in Sources */,
				EBE043FF28F5F23B003C4A37 /* SettingsView.swift in Sources */,
				EBE0440128F5F255003C4A37 /* NaturesListView.swift in Sources */,
				EBC7DB2A2948AEE10059BEC5 /* UniversalBackButton.swift in Sources */,
				EB3A359328F5FEDE009625D0 /* NotificationSettingsView.swift in Sources */,
				EB64E79628F657F100721DD0 /* LocationDisclaimerView.swift in Sources */,
				E264495727986B0700685DAB /* Constants.swift in Sources */,
			);
			runOnlyForDeploymentPostprocessing = 0;
		};
		EB15895729242A550009F60D /* Sources */ = {
			isa = PBXSourcesBuildPhase;
			buildActionMask = 2147483647;
			files = (
				EB15896B29242A720009F60D /* WatchMainView.swift in Sources */,
				EB15898129242B4F0009F60D /* LocationManager.swift in Sources */,
				EB15897229242AA20009F60D /* WatchScannerApp.swift in Sources */,
				EB15897B29242B370009F60D /* WatchViewModel.swift in Sources */,
				EB15897F29242B4C0009F60D /* MapViewModel.swift in Sources */,
				EB15896929242A720009F60D /* WatchListView.swift in Sources */,
				EB15898329242B5E0009F60D /* WatchMapAnnotationView.swift in Sources */,
				EB15896C29242A720009F60D /* WatchStatusView.swift in Sources */,
				EB158993292538D20009F60D /* WatchOnboardingView.swift in Sources */,
				EB15897E29242B490009F60D /* DetailViewModel.swift in Sources */,
				EB15896E29242A720009F60D /* WatchDetailView.swift in Sources */,
				EB15896A29242A720009F60D /* WatchRowView.swift in Sources */,
				EB15898029242B4E0009F60D /* Constants.swift in Sources */,
				EB15898229242B5B0009F60D /* WatchMapView.swift in Sources */,
				EB15897C29242B370009F60D /* NetworkManager.swift in Sources */,
				EBC7DB3E2948EB650059BEC5 /* WatchScannerModel.swift in Sources */,
			);
			runOnlyForDeploymentPostprocessing = 0;
		};
		EB158994292544080009F60D /* Sources */ = {
			isa = PBXSourcesBuildPhase;
			buildActionMask = 2147483647;
			files = (
				EB1589A92925446E0009F60D /* TVRowView.swift in Sources */,
				EB1589B2292544790009F60D /* TVNavBarView.swift in Sources */,
				EB1589A82925446E0009F60D /* TVActivityDetailView.swift in Sources */,
				EB1589B4292544790009F60D /* TVMapView.swift in Sources */,
				EB1589B5292544790009F60D /* TVView.swift in Sources */,
				EB1589C0292545190009F60D /* MainViewModel.swift in Sources */,
				EB1589B7292544790009F60D /* TVOnboardingView.swift in Sources */,
				EB1589BA292544CA0009F60D /* MapViewModel.swift in Sources */,
				EBD612A5292D031F00FE9037 /* LocationDisclaimerView.swift in Sources */,
				EB1589B1292544790009F60D /* TVMapAnnotationView.swift in Sources */,
				EB1589BC292544E40009F60D /* ScannerModel.swift in Sources */,
				EB1589B6292544790009F60D /* TVStatusView.swift in Sources */,
				EB1589BF292544F60009F60D /* NetworkManager.swift in Sources */,
				EB15899B292544080009F60D /* ScannerTVApp.swift in Sources */,
				EB1589B3292544790009F60D /* TVMainView.swift in Sources */,
				EB1589BB292544D50009F60D /* Constants.swift in Sources */,
				EB1589C1292545290009F60D /* DetailViewModel.swift in Sources */,
			);
			runOnlyForDeploymentPostprocessing = 0;
		};
/* End PBXSourcesBuildPhase section */

/* Begin XCBuildConfiguration section */
		E202F44B278E84A8009C0B13 /* Debug */ = {
			isa = XCBuildConfiguration;
			buildSettings = {
				ALWAYS_SEARCH_USER_PATHS = NO;
				CLANG_ANALYZER_NONNULL = YES;
				CLANG_ANALYZER_NUMBER_OBJECT_CONVERSION = YES_AGGRESSIVE;
				CLANG_CXX_LANGUAGE_STANDARD = "gnu++17";
				CLANG_CXX_LIBRARY = "libc++";
				CLANG_ENABLE_MODULES = YES;
				CLANG_ENABLE_OBJC_ARC = YES;
				CLANG_ENABLE_OBJC_WEAK = YES;
				CLANG_WARN_BLOCK_CAPTURE_AUTORELEASING = YES;
				CLANG_WARN_BOOL_CONVERSION = YES;
				CLANG_WARN_COMMA = YES;
				CLANG_WARN_CONSTANT_CONVERSION = YES;
				CLANG_WARN_DEPRECATED_OBJC_IMPLEMENTATIONS = YES;
				CLANG_WARN_DIRECT_OBJC_ISA_USAGE = YES_ERROR;
				CLANG_WARN_DOCUMENTATION_COMMENTS = YES;
				CLANG_WARN_EMPTY_BODY = YES;
				CLANG_WARN_ENUM_CONVERSION = YES;
				CLANG_WARN_INFINITE_RECURSION = YES;
				CLANG_WARN_INT_CONVERSION = YES;
				CLANG_WARN_NON_LITERAL_NULL_CONVERSION = YES;
				CLANG_WARN_OBJC_IMPLICIT_RETAIN_SELF = YES;
				CLANG_WARN_OBJC_LITERAL_CONVERSION = YES;
				CLANG_WARN_OBJC_ROOT_CLASS = YES_ERROR;
				CLANG_WARN_QUOTED_INCLUDE_IN_FRAMEWORK_HEADER = YES;
				CLANG_WARN_RANGE_LOOP_ANALYSIS = YES;
				CLANG_WARN_STRICT_PROTOTYPES = YES;
				CLANG_WARN_SUSPICIOUS_MOVE = YES;
				CLANG_WARN_UNGUARDED_AVAILABILITY = YES_AGGRESSIVE;
				CLANG_WARN_UNREACHABLE_CODE = YES;
				CLANG_WARN__DUPLICATE_METHOD_MATCH = YES;
				COPY_PHASE_STRIP = NO;
				DEBUG_INFORMATION_FORMAT = dwarf;
				ENABLE_STRICT_OBJC_MSGSEND = YES;
				ENABLE_TESTABILITY = YES;
				GCC_C_LANGUAGE_STANDARD = gnu11;
				GCC_DYNAMIC_NO_PIC = NO;
				GCC_NO_COMMON_BLOCKS = YES;
				GCC_OPTIMIZATION_LEVEL = 0;
				GCC_PREPROCESSOR_DEFINITIONS = (
					"DEBUG=1",
					"$(inherited)",
				);
				GCC_WARN_64_TO_32_BIT_CONVERSION = YES;
				GCC_WARN_ABOUT_RETURN_TYPE = YES_ERROR;
				GCC_WARN_UNDECLARED_SELECTOR = YES;
				GCC_WARN_UNINITIALIZED_AUTOS = YES_AGGRESSIVE;
				GCC_WARN_UNUSED_FUNCTION = YES;
				GCC_WARN_UNUSED_VARIABLE = YES;
				GENERATE_INFOPLIST_FILE = YES;
				IPHONEOS_DEPLOYMENT_TARGET = 15.0;
				MTL_ENABLE_DEBUG_INFO = INCLUDE_SOURCE;
				MTL_FAST_MATH = YES;
				NSLocationAlwaysUsageDescription = "Will you allow this app to always know your location?";
				NSLocationWhenInUseUsageDescription = "Will you allow this app to always know your location?";
				ONLY_ACTIVE_ARCH = YES;
				SDKROOT = iphoneos;
				SWIFT_ACTIVE_COMPILATION_CONDITIONS = DEBUG;
				SWIFT_OPTIMIZATION_LEVEL = "-Onone";
				TVOS_DEPLOYMENT_TARGET = 16.0;
				WATCHOS_DEPLOYMENT_TARGET = 8.0;
			};
			name = Debug;
		};
		E202F44C278E84A8009C0B13 /* Release */ = {
			isa = XCBuildConfiguration;
			buildSettings = {
				ALWAYS_SEARCH_USER_PATHS = NO;
				CLANG_ANALYZER_NONNULL = YES;
				CLANG_ANALYZER_NUMBER_OBJECT_CONVERSION = YES_AGGRESSIVE;
				CLANG_CXX_LANGUAGE_STANDARD = "gnu++17";
				CLANG_CXX_LIBRARY = "libc++";
				CLANG_ENABLE_MODULES = YES;
				CLANG_ENABLE_OBJC_ARC = YES;
				CLANG_ENABLE_OBJC_WEAK = YES;
				CLANG_WARN_BLOCK_CAPTURE_AUTORELEASING = YES;
				CLANG_WARN_BOOL_CONVERSION = YES;
				CLANG_WARN_COMMA = YES;
				CLANG_WARN_CONSTANT_CONVERSION = YES;
				CLANG_WARN_DEPRECATED_OBJC_IMPLEMENTATIONS = YES;
				CLANG_WARN_DIRECT_OBJC_ISA_USAGE = YES_ERROR;
				CLANG_WARN_DOCUMENTATION_COMMENTS = YES;
				CLANG_WARN_EMPTY_BODY = YES;
				CLANG_WARN_ENUM_CONVERSION = YES;
				CLANG_WARN_INFINITE_RECURSION = YES;
				CLANG_WARN_INT_CONVERSION = YES;
				CLANG_WARN_NON_LITERAL_NULL_CONVERSION = YES;
				CLANG_WARN_OBJC_IMPLICIT_RETAIN_SELF = YES;
				CLANG_WARN_OBJC_LITERAL_CONVERSION = YES;
				CLANG_WARN_OBJC_ROOT_CLASS = YES_ERROR;
				CLANG_WARN_QUOTED_INCLUDE_IN_FRAMEWORK_HEADER = YES;
				CLANG_WARN_RANGE_LOOP_ANALYSIS = YES;
				CLANG_WARN_STRICT_PROTOTYPES = YES;
				CLANG_WARN_SUSPICIOUS_MOVE = YES;
				CLANG_WARN_UNGUARDED_AVAILABILITY = YES_AGGRESSIVE;
				CLANG_WARN_UNREACHABLE_CODE = YES;
				CLANG_WARN__DUPLICATE_METHOD_MATCH = YES;
				COPY_PHASE_STRIP = NO;
				DEBUG_INFORMATION_FORMAT = "dwarf-with-dsym";
				ENABLE_NS_ASSERTIONS = NO;
				ENABLE_STRICT_OBJC_MSGSEND = YES;
				GCC_C_LANGUAGE_STANDARD = gnu11;
				GCC_NO_COMMON_BLOCKS = YES;
				GCC_WARN_64_TO_32_BIT_CONVERSION = YES;
				GCC_WARN_ABOUT_RETURN_TYPE = YES_ERROR;
				GCC_WARN_UNDECLARED_SELECTOR = YES;
				GCC_WARN_UNINITIALIZED_AUTOS = YES_AGGRESSIVE;
				GCC_WARN_UNUSED_FUNCTION = YES;
				GCC_WARN_UNUSED_VARIABLE = YES;
				GENERATE_INFOPLIST_FILE = YES;
				IPHONEOS_DEPLOYMENT_TARGET = 15.0;
				MTL_ENABLE_DEBUG_INFO = NO;
				MTL_FAST_MATH = YES;
				NSLocationAlwaysUsageDescription = "Will you allow this app to always know your location?";
				NSLocationWhenInUseUsageDescription = "Will you allow this app to always know your location?";
				SDKROOT = iphoneos;
				SWIFT_COMPILATION_MODE = wholemodule;
				SWIFT_OPTIMIZATION_LEVEL = "-O";
				TVOS_DEPLOYMENT_TARGET = 16.0;
				VALIDATE_PRODUCT = YES;
				WATCHOS_DEPLOYMENT_TARGET = 8.0;
			};
			name = Release;
		};
		E202F44E278E84A8009C0B13 /* Debug */ = {
			isa = XCBuildConfiguration;
			baseConfigurationReference = 99DF38480950BA6ACF97A37D /* Pods-Scanner.debug.xcconfig */;
			buildSettings = {
				ALWAYS_EMBED_SWIFT_STANDARD_LIBRARIES = YES;
				ASSETCATALOG_COMPILER_APPICON_NAME = AppIcon;
				ASSETCATALOG_COMPILER_GLOBAL_ACCENT_COLOR_NAME = AccentColor;
				ASSETCATALOG_COMPILER_INCLUDE_ALL_APPICON_ASSETS = YES;
				CODE_SIGN_ENTITLEMENTS = Scanner/Scanner.entitlements;
				CODE_SIGN_IDENTITY = "Apple Development";
				CODE_SIGN_STYLE = Automatic;
				CURRENT_PROJECT_VERSION = 1;
				DEVELOPMENT_ASSET_PATHS = "\"Scanner/Preview Content\"";
				DEVELOPMENT_TEAM = PFJ824B57Q;
				ENABLE_PREVIEWS = YES;
				GENERATE_INFOPLIST_FILE = YES;
				INFOPLIST_FILE = Scanner/Info.plist;
				INFOPLIST_KEY_CFBundleDisplayName = "FWPD Scanner";
				INFOPLIST_KEY_LSApplicationCategoryType = "public.app-category.utilities";
				INFOPLIST_KEY_NSLocationAlwaysAndWhenInUseUsageDescription = "Your location will be used to collect and filter nearby FWPD activity. This information is never shared to third parties.";
				INFOPLIST_KEY_NSLocationWhenInUseUsageDescription = "Your location will be used to collect and filter nearby FWPD activity. This information is never shared to third parties.";
				INFOPLIST_KEY_NSSupportsLiveActivities = NO;
				INFOPLIST_KEY_UIApplicationSceneManifest_Generation = YES;
				INFOPLIST_KEY_UIApplicationSupportsIndirectInputEvents = YES;
				INFOPLIST_KEY_UILaunchStoryboardName = LaunchScreen.storyboard;
				INFOPLIST_KEY_UISupportedInterfaceOrientations = UIInterfaceOrientationPortrait;
				INFOPLIST_KEY_UISupportedInterfaceOrientations_iPad = "UIInterfaceOrientationLandscapeLeft UIInterfaceOrientationLandscapeRight UIInterfaceOrientationPortrait UIInterfaceOrientationPortraitUpsideDown";
				IPHONEOS_DEPLOYMENT_TARGET = 15.0;
				LD_RUNPATH_SEARCH_PATHS = (
					"$(inherited)",
					"@executable_path/Frameworks",
				);
				MARKETING_VERSION = 2.3;
				NSLocationAlwaysAndWhenInUseUsageDescription = "\"Will you allow this app to know your location?\"";
				NSLocationWhenInUseUsageDescription = "\"Will you allow this app to always know your location?\"";
				"OTHER_CODE_SIGN_FLAGS[sdk=*]" = "--generate-entitlement-der";
				PRODUCT_BUNDLE_IDENTIFIER = com.kylekincer.Scanner;
				PRODUCT_NAME = "$(TARGET_NAME)";
				PROVISIONING_PROFILE_SPECIFIER = "";
				SUPPORTED_PLATFORMS = "iphoneos iphonesimulator";
				SUPPORTS_MACCATALYST = NO;
				SUPPORTS_MAC_DESIGNED_FOR_IPHONE_IPAD = YES;
				SWIFT_EMIT_LOC_STRINGS = YES;
				SWIFT_VERSION = 5.0;
				TARGETED_DEVICE_FAMILY = "1,2";
				TVOS_DEPLOYMENT_TARGET = 15.2;
			};
			name = Debug;
		};
		E202F44F278E84A8009C0B13 /* Release */ = {
			isa = XCBuildConfiguration;
			baseConfigurationReference = 4E5CE789011E150D5C9022ED /* Pods-Scanner.release.xcconfig */;
			buildSettings = {
				ALWAYS_EMBED_SWIFT_STANDARD_LIBRARIES = YES;
				ASSETCATALOG_COMPILER_APPICON_NAME = AppIcon;
				ASSETCATALOG_COMPILER_GLOBAL_ACCENT_COLOR_NAME = AccentColor;
				ASSETCATALOG_COMPILER_INCLUDE_ALL_APPICON_ASSETS = YES;
				CODE_SIGN_ENTITLEMENTS = Scanner/ScannerRelease.entitlements;
				CODE_SIGN_IDENTITY = "Apple Development";
				CODE_SIGN_STYLE = Automatic;
				CURRENT_PROJECT_VERSION = 1;
				DEVELOPMENT_ASSET_PATHS = "\"Scanner/Preview Content\"";
				DEVELOPMENT_TEAM = PFJ824B57Q;
				ENABLE_PREVIEWS = YES;
				GENERATE_INFOPLIST_FILE = YES;
				INFOPLIST_FILE = Scanner/Info.plist;
				INFOPLIST_KEY_CFBundleDisplayName = "FWPD Scanner";
				INFOPLIST_KEY_LSApplicationCategoryType = "public.app-category.utilities";
				INFOPLIST_KEY_NSLocationAlwaysAndWhenInUseUsageDescription = "Your location will be used to collect and filter nearby FWPD activity. This information is never shared to third parties.";
				INFOPLIST_KEY_NSLocationWhenInUseUsageDescription = "Your location will be used to collect and filter nearby FWPD activity. This information is never shared to third parties.";
				INFOPLIST_KEY_NSSupportsLiveActivities = NO;
				INFOPLIST_KEY_UIApplicationSceneManifest_Generation = YES;
				INFOPLIST_KEY_UIApplicationSupportsIndirectInputEvents = YES;
				INFOPLIST_KEY_UILaunchStoryboardName = LaunchScreen.storyboard;
				INFOPLIST_KEY_UISupportedInterfaceOrientations = UIInterfaceOrientationPortrait;
				INFOPLIST_KEY_UISupportedInterfaceOrientations_iPad = "UIInterfaceOrientationLandscapeLeft UIInterfaceOrientationLandscapeRight UIInterfaceOrientationPortrait UIInterfaceOrientationPortraitUpsideDown";
				IPHONEOS_DEPLOYMENT_TARGET = 15.0;
				LD_RUNPATH_SEARCH_PATHS = (
					"$(inherited)",
					"@executable_path/Frameworks",
				);
				MARKETING_VERSION = 2.3;
				NSLocationAlwaysAndWhenInUseUsageDescription = "\"Will you allow this app to know your location?\"";
				NSLocationWhenInUseUsageDescription = "\"Will you allow this app to always know your location?\"";
				"OTHER_CODE_SIGN_FLAGS[sdk=*]" = "--generate-entitlement-der";
				PRODUCT_BUNDLE_IDENTIFIER = com.kylekincer.Scanner;
				PRODUCT_NAME = "$(TARGET_NAME)";
				PROVISIONING_PROFILE_SPECIFIER = "";
				SUPPORTED_PLATFORMS = "iphoneos iphonesimulator";
				SUPPORTS_MACCATALYST = NO;
				SUPPORTS_MAC_DESIGNED_FOR_IPHONE_IPAD = YES;
				SWIFT_EMIT_LOC_STRINGS = YES;
				SWIFT_VERSION = 5.0;
				TARGETED_DEVICE_FAMILY = "1,2";
				TVOS_DEPLOYMENT_TARGET = 15.2;
			};
			name = Release;
		};
		EB15896629242A550009F60D /* Debug */ = {
			isa = XCBuildConfiguration;
			buildSettings = {
				ASSETCATALOG_COMPILER_APPICON_NAME = AppIcon;
				ASSETCATALOG_COMPILER_GLOBAL_ACCENT_COLOR_NAME = AccentColor;
				ASSETCATALOG_COMPILER_INCLUDE_ALL_APPICON_ASSETS = YES;
				CLANG_CXX_LANGUAGE_STANDARD = "gnu++20";
				CODE_SIGN_ENTITLEMENTS = "WatchScanner Watch App/WatchScanner Watch App.entitlements";
				CODE_SIGN_STYLE = Automatic;
				CURRENT_PROJECT_VERSION = 1;
				DEVELOPMENT_ASSET_PATHS = "\"WatchScanner Watch App/Preview Content\"";
				DEVELOPMENT_TEAM = PFJ824B57Q;
				ENABLE_PREVIEWS = YES;
				GENERATE_INFOPLIST_FILE = YES;
				INFOPLIST_FILE = "WatchScanner-Watch-App-Info.plist";
				INFOPLIST_KEY_UISupportedInterfaceOrientations = "UIInterfaceOrientationPortrait UIInterfaceOrientationPortraitUpsideDown";
				INFOPLIST_KEY_WKCompanionAppBundleIdentifier = "";
				INFOPLIST_KEY_WKRunsIndependentlyOfCompanionApp = YES;
				LD_RUNPATH_SEARCH_PATHS = (
					"$(inherited)",
					"@executable_path/Frameworks",
				);
				MARKETING_VERSION = 2.3;
				PRODUCT_BUNDLE_IDENTIFIER = .watchkitapp;
				PRODUCT_NAME = "FWPD Scanner";
				SDKROOT = watchos;
				SKIP_INSTALL = YES;
				SWIFT_EMIT_LOC_STRINGS = YES;
				SWIFT_VERSION = 5.0;
				TARGETED_DEVICE_FAMILY = 4;
				WATCHOS_DEPLOYMENT_TARGET = 9.1;
			};
			name = Debug;
		};
		EB15896729242A550009F60D /* Release */ = {
			isa = XCBuildConfiguration;
			buildSettings = {
				ASSETCATALOG_COMPILER_APPICON_NAME = AppIcon;
				ASSETCATALOG_COMPILER_GLOBAL_ACCENT_COLOR_NAME = AccentColor;
				ASSETCATALOG_COMPILER_INCLUDE_ALL_APPICON_ASSETS = YES;
				CLANG_CXX_LANGUAGE_STANDARD = "gnu++20";
				CODE_SIGN_ENTITLEMENTS = "WatchScanner Watch App/WatchScanner Watch App.entitlements";
				CODE_SIGN_STYLE = Automatic;
				CURRENT_PROJECT_VERSION = 1;
				DEVELOPMENT_ASSET_PATHS = "\"WatchScanner Watch App/Preview Content\"";
				DEVELOPMENT_TEAM = PFJ824B57Q;
				ENABLE_PREVIEWS = YES;
				GENERATE_INFOPLIST_FILE = YES;
				INFOPLIST_FILE = "WatchScanner-Watch-App-Info.plist";
				INFOPLIST_KEY_UISupportedInterfaceOrientations = "UIInterfaceOrientationPortrait UIInterfaceOrientationPortraitUpsideDown";
				INFOPLIST_KEY_WKCompanionAppBundleIdentifier = "";
				INFOPLIST_KEY_WKRunsIndependentlyOfCompanionApp = YES;
				LD_RUNPATH_SEARCH_PATHS = (
					"$(inherited)",
					"@executable_path/Frameworks",
				);
				MARKETING_VERSION = 2.3;
				PRODUCT_BUNDLE_IDENTIFIER = .watchkitapp;
				PRODUCT_NAME = "FWPD Scanner";
				SDKROOT = watchos;
				SKIP_INSTALL = YES;
				SWIFT_EMIT_LOC_STRINGS = YES;
				SWIFT_VERSION = 5.0;
				TARGETED_DEVICE_FAMILY = 4;
				WATCHOS_DEPLOYMENT_TARGET = 9.1;
			};
			name = Release;
		};
		EB1589A4292544080009F60D /* Debug */ = {
			isa = XCBuildConfiguration;
			baseConfigurationReference = B97BC00A5C8A6487333453D4 /* Pods-ScannerTV.debug.xcconfig */;
			buildSettings = {
				ASSETCATALOG_COMPILER_APPICON_NAME = "App Icon & Top Shelf Image";
				ASSETCATALOG_COMPILER_GLOBAL_ACCENT_COLOR_NAME = AccentColor;
				ASSETCATALOG_COMPILER_INCLUDE_ALL_APPICON_ASSETS = YES;
				CLANG_CXX_LANGUAGE_STANDARD = "gnu++20";
				CODE_SIGN_STYLE = Automatic;
				CURRENT_PROJECT_VERSION = 1;
				DEVELOPMENT_ASSET_PATHS = "\"ScannerTV/Preview Content\"";
				DEVELOPMENT_TEAM = PFJ824B57Q;
				ENABLE_PREVIEWS = YES;
				GENERATE_INFOPLIST_FILE = YES;
				INFOPLIST_FILE = ScannerTV/Info.plist;
				INFOPLIST_KEY_CFBundleDisplayName = "FWPD Scanner";
				INFOPLIST_KEY_LSApplicationCategoryType = "public.app-category.utilities";
				INFOPLIST_KEY_UILaunchScreen_Generation = YES;
				INFOPLIST_KEY_UIUserInterfaceStyle = Automatic;
				LD_RUNPATH_SEARCH_PATHS = (
					"$(inherited)",
					"@executable_path/Frameworks",
				);
				MARKETING_VERSION = 2.3;
				PRODUCT_BUNDLE_IDENTIFIER = com.kylekincer.ScannerTV;
				PRODUCT_NAME = "$(TARGET_NAME)";
				SDKROOT = appletvos;
				SWIFT_EMIT_LOC_STRINGS = YES;
				SWIFT_VERSION = 5.0;
				TARGETED_DEVICE_FAMILY = 3;
				TVOS_DEPLOYMENT_TARGET = 15.0;
			};
			name = Debug;
		};
		EB1589A5292544080009F60D /* Release */ = {
			isa = XCBuildConfiguration;
			baseConfigurationReference = 904831919DBEDA0C7E646D0E /* Pods-ScannerTV.release.xcconfig */;
			buildSettings = {
				ASSETCATALOG_COMPILER_APPICON_NAME = "App Icon & Top Shelf Image";
				ASSETCATALOG_COMPILER_GLOBAL_ACCENT_COLOR_NAME = AccentColor;
				ASSETCATALOG_COMPILER_INCLUDE_ALL_APPICON_ASSETS = YES;
				CLANG_CXX_LANGUAGE_STANDARD = "gnu++20";
				CODE_SIGN_STYLE = Automatic;
				CURRENT_PROJECT_VERSION = 1;
				DEVELOPMENT_ASSET_PATHS = "\"ScannerTV/Preview Content\"";
				DEVELOPMENT_TEAM = PFJ824B57Q;
				ENABLE_PREVIEWS = YES;
				GENERATE_INFOPLIST_FILE = YES;
				INFOPLIST_FILE = ScannerTV/Info.plist;
				INFOPLIST_KEY_CFBundleDisplayName = "FWPD Scanner";
				INFOPLIST_KEY_LSApplicationCategoryType = "public.app-category.utilities";
				INFOPLIST_KEY_UILaunchScreen_Generation = YES;
				INFOPLIST_KEY_UIUserInterfaceStyle = Automatic;
				LD_RUNPATH_SEARCH_PATHS = (
					"$(inherited)",
					"@executable_path/Frameworks",
				);
				MARKETING_VERSION = 2.3;
				PRODUCT_BUNDLE_IDENTIFIER = com.kylekincer.ScannerTV;
				PRODUCT_NAME = "$(TARGET_NAME)";
				SDKROOT = appletvos;
				SWIFT_EMIT_LOC_STRINGS = YES;
				SWIFT_VERSION = 5.0;
				TARGETED_DEVICE_FAMILY = 3;
				TVOS_DEPLOYMENT_TARGET = 15.0;
			};
			name = Release;
		};
/* End XCBuildConfiguration section */

/* Begin XCConfigurationList section */
		E202F43A278E84A7009C0B13 /* Build configuration list for PBXProject "Scanner" */ = {
			isa = XCConfigurationList;
			buildConfigurations = (
				E202F44B278E84A8009C0B13 /* Debug */,
				E202F44C278E84A8009C0B13 /* Release */,
			);
			defaultConfigurationIsVisible = 0;
			defaultConfigurationName = Release;
		};
		E202F44D278E84A8009C0B13 /* Build configuration list for PBXNativeTarget "Scanner" */ = {
			isa = XCConfigurationList;
			buildConfigurations = (
				E202F44E278E84A8009C0B13 /* Debug */,
				E202F44F278E84A8009C0B13 /* Release */,
			);
			defaultConfigurationIsVisible = 0;
			defaultConfigurationName = Release;
		};
		EB15896829242A550009F60D /* Build configuration list for PBXNativeTarget "WatchScanner Watch App" */ = {
			isa = XCConfigurationList;
			buildConfigurations = (
				EB15896629242A550009F60D /* Debug */,
				EB15896729242A550009F60D /* Release */,
			);
			defaultConfigurationIsVisible = 0;
			defaultConfigurationName = Release;
		};
		EB1589A3292544080009F60D /* Build configuration list for PBXNativeTarget "ScannerTV" */ = {
			isa = XCConfigurationList;
			buildConfigurations = (
				EB1589A4292544080009F60D /* Debug */,
				EB1589A5292544080009F60D /* Release */,
			);
			defaultConfigurationIsVisible = 0;
			defaultConfigurationName = Release;
		};
/* End XCConfigurationList section */

/* Begin XCRemoteSwiftPackageReference section */
		EBC7DB3F2948F0160059BEC5 /* XCRemoteSwiftPackageReference "firebase-ios-sdk" */ = {
			isa = XCRemoteSwiftPackageReference;
			repositoryURL = "https://github.com/firebase/firebase-ios-sdk";
			requirement = {
				kind = upToNextMajorVersion;
				minimumVersion = 9.0.0;
			};
		};
		EBC7DB492948F1000059BEC5 /* XCRemoteSwiftPackageReference "swift-package-manager-google-mobile-ads" */ = {
			isa = XCRemoteSwiftPackageReference;
			repositoryURL = "https://github.com/googleads/swift-package-manager-google-mobile-ads.git";
			requirement = {
				branch = main;
				kind = branch;
			};
		};
/* End XCRemoteSwiftPackageReference section */

/* Begin XCSwiftPackageProductDependency section */
		EBC7DB402948F0160059BEC5 /* FirebaseAnalytics */ = {
			isa = XCSwiftPackageProductDependency;
			package = EBC7DB3F2948F0160059BEC5 /* XCRemoteSwiftPackageReference "firebase-ios-sdk" */;
			productName = FirebaseAnalytics;
		};
		EBC7DB422948F0160059BEC5 /* FirebaseAuth */ = {
			isa = XCSwiftPackageProductDependency;
			package = EBC7DB3F2948F0160059BEC5 /* XCRemoteSwiftPackageReference "firebase-ios-sdk" */;
			productName = FirebaseAuth;
		};
		EBC7DB442948F0160059BEC5 /* FirebaseFirestore */ = {
			isa = XCSwiftPackageProductDependency;
			package = EBC7DB3F2948F0160059BEC5 /* XCRemoteSwiftPackageReference "firebase-ios-sdk" */;
			productName = FirebaseFirestore;
		};
		EBC7DB462948F0160059BEC5 /* FirebaseMessaging */ = {
			isa = XCSwiftPackageProductDependency;
			package = EBC7DB3F2948F0160059BEC5 /* XCRemoteSwiftPackageReference "firebase-ios-sdk" */;
			productName = FirebaseMessaging;
		};
		EBC7DB4A2948F1000059BEC5 /* GoogleMobileAds */ = {
			isa = XCSwiftPackageProductDependency;
			package = EBC7DB492948F1000059BEC5 /* XCRemoteSwiftPackageReference "swift-package-manager-google-mobile-ads" */;
			productName = GoogleMobileAds;
		};
/* End XCSwiftPackageProductDependency section */
	};
	rootObject = E202F437278E84A7009C0B13 /* Project object */;
}
